
Microsoft Visual Studio Solution File, Format Version 12.00
# Visual Studio Version 16
VisualStudioVersion = 16.0.31605.320
MinimumVisualStudioVersion = 10.0.40219.1
Project("{FAE04EC0-301F-11D3-BF4B-00C04F79EFBC}") = "OmegaPointSimpleAPI", "OmegaPointSimpleAPI.csproj", "{88F3A237-B769-4202-B68B-5A3CFE4151B2}"
EndProject
Global
	GlobalSection(SolutionConfigurationPlatforms) = preSolution
		Debug|Any CPU = Debug|Any CPU
		Release|Any CPU = Release|Any CPU
	EndGlobalSection
	GlobalSection(ProjectConfigurationPlatforms) = postSolution
		{88F3A237-B769-4202-B68B-5A3CFE4151B2}.Debug|Any CPU.ActiveCfg = Debug|Any CPU
		{88F3A237-B769-4202-B68B-5A3CFE4151B2}.Debug|Any CPU.Build.0 = Debug|Any CPU
		{88F3A237-B769-4202-B68B-5A3CFE4151B2}.Release|Any CPU.ActiveCfg = Release|Any CPU
		{88F3A237-B769-4202-B68B-5A3CFE4151B2}.Release|Any CPU.Build.0 = Release|Any CPU
	EndGlobalSection
	GlobalSection(SolutionProperties) = preSolution
		HideSolutionNode = FALSE
	EndGlobalSection
	GlobalSection(ExtensibilityGlobals) = postSolution
		SolutionGuid = {D65FB67A-946B-4D66-BBCA-90635FE91447}
	EndGlobalSection
EndGlobal
